
Microsoft Visual Studio Solution File, Format Version 12.00
Project("{FAE04EC0-301F-11D3-BF4B-00C04F79EFBC}") = "NotyAI", "NotyAI.csproj", "{5A3611EC-FA6E-48C6-B8D2-CFBC77658799}"
EndProject
Global
	GlobalSection(SolutionConfigurationPlatforms) = preSolution
		Debug|Any CPU = Debug|Any CPU
		Release|Any CPU = Release|Any CPU
	EndGlobalSection
	GlobalSection(ProjectConfigurationPlatforms) = postSolution
		{5A3611EC-FA6E-48C6-B8D2-CFBC77658799}.Debug|Any CPU.ActiveCfg = Debug|Any CPU
		{5A3611EC-FA6E-48C6-B8D2-CFBC77658799}.Debug|Any CPU.Build.0 = Debug|Any CPU
		{5A3611EC-FA6E-48C6-B8D2-CFBC77658799}.Release|Any CPU.ActiveCfg = Release|Any CPU
		{5A3611EC-FA6E-48C6-B8D2-CFBC77658799}.Release|Any CPU.Build.0 = Release|Any CPU
	EndGlobalSection
EndGlobal
